
Microsoft Visual Studio Solution File, Format Version 12.00
# Visual Studio 15
VisualStudioVersion = 15.0.27004.2006
MinimumVisualStudioVersion = 10.0.40219.1
Project("{FAE04EC0-301F-11D3-BF4B-00C04F79EFBC}") = "UserManage.Web", "UserManage.Web\UserManage.Web.csproj", "{E184CB2D-6AAE-4617-9204-FC8A9BBD668E}"
EndProject
Project("{FAE04EC0-301F-11D3-BF4B-00C04F79EFBC}") = "UserManage.Model", "UserManage.Model\UserManage.Model.csproj", "{D725992E-60E4-4FFA-8A09-615D3C7FC811}"
EndProject
Project("{FAE04EC0-301F-11D3-BF4B-00C04F79EFBC}") = "UserManage.BLL", "UserManage.BLL\UserManage.BLL.csproj", "{C4E0A213-8705-4B17-A851-C6C7BEC83628}"
EndProject
Project("{FAE04EC0-301F-11D3-BF4B-00C04F79EFBC}") = "UserManage.Util", "UserManage.Util\UserManage.Util.csproj", "{D7044ACE-B310-4359-8F39-6FC6D4002B22}"
EndProject
Project("{FAE04EC0-301F-11D3-BF4B-00C04F79EFBC}") = "UserManage.UtilTests", "UserManage.UtilTests\UserManage.UtilTests.csproj", "{A8A9C1B4-ABD9-43B4-A95A-19CAB8BD2B96}"
EndProject
Project("{FAE04EC0-301F-11D3-BF4B-00C04F79EFBC}") = "Chitu", "Chitu\Chitu.csproj", "{A581ADDE-C788-4EDD-97C7-591D0CEE56DE}"
EndProject
Project("{FAE04EC0-301F-11D3-BF4B-00C04F79EFBC}") = "UserManage.BLLTests", "UserManage.BLLTests\UserManage.BLLTests.csproj", "{B2742BF0-A727-4543-A923-33BB83097F79}"
EndProject
Global
	GlobalSection(SolutionConfigurationPlatforms) = preSolution
		Debug|Any CPU = Debug|Any CPU
		Release|Any CPU = Release|Any CPU
	EndGlobalSection
	GlobalSection(ProjectConfigurationPlatforms) = postSolution
		{E184CB2D-6AAE-4617-9204-FC8A9BBD668E}.Debug|Any CPU.ActiveCfg = Debug|Any CPU
		{E184CB2D-6AAE-4617-9204-FC8A9BBD668E}.Debug|Any CPU.Build.0 = Debug|Any CPU
		{E184CB2D-6AAE-4617-9204-FC8A9BBD668E}.Release|Any CPU.ActiveCfg = Release|Any CPU
		{E184CB2D-6AAE-4617-9204-FC8A9BBD668E}.Release|Any CPU.Build.0 = Release|Any CPU
		{D725992E-60E4-4FFA-8A09-615D3C7FC811}.Debug|Any CPU.ActiveCfg = Debug|Any CPU
		{D725992E-60E4-4FFA-8A09-615D3C7FC811}.Debug|Any CPU.Build.0 = Debug|Any CPU
		{D725992E-60E4-4FFA-8A09-615D3C7FC811}.Release|Any CPU.ActiveCfg = Release|Any CPU
		{D725992E-60E4-4FFA-8A09-615D3C7FC811}.Release|Any CPU.Build.0 = Release|Any CPU
		{C4E0A213-8705-4B17-A851-C6C7BEC83628}.Debug|Any CPU.ActiveCfg = Debug|Any CPU
		{C4E0A213-8705-4B17-A851-C6C7BEC83628}.Debug|Any CPU.Build.0 = Debug|Any CPU
		{C4E0A213-8705-4B17-A851-C6C7BEC83628}.Release|Any CPU.ActiveCfg = Release|Any CPU
		{C4E0A213-8705-4B17-A851-C6C7BEC83628}.Release|Any CPU.Build.0 = Release|Any CPU
		{D7044ACE-B310-4359-8F39-6FC6D4002B22}.Debug|Any CPU.ActiveCfg = Debug|Any CPU
		{D7044ACE-B310-4359-8F39-6FC6D4002B22}.Debug|Any CPU.Build.0 = Debug|Any CPU
		{D7044ACE-B310-4359-8F39-6FC6D4002B22}.Release|Any CPU.ActiveCfg = Release|Any CPU
		{D7044ACE-B310-4359-8F39-6FC6D4002B22}.Release|Any CPU.Build.0 = Release|Any CPU
		{A8A9C1B4-ABD9-43B4-A95A-19CAB8BD2B96}.Debug|Any CPU.ActiveCfg = Debug|Any CPU
		{A8A9C1B4-ABD9-43B4-A95A-19CAB8BD2B96}.Debug|Any CPU.Build.0 = Debug|Any CPU
		{A8A9C1B4-ABD9-43B4-A95A-19CAB8BD2B96}.Release|Any CPU.ActiveCfg = Release|Any CPU
		{A8A9C1B4-ABD9-43B4-A95A-19CAB8BD2B96}.Release|Any CPU.Build.0 = Release|Any CPU
		{A581ADDE-C788-4EDD-97C7-591D0CEE56DE}.Debug|Any CPU.ActiveCfg = Debug|Any CPU
		{A581ADDE-C788-4EDD-97C7-591D0CEE56DE}.Debug|Any CPU.Build.0 = Debug|Any CPU
		{A581ADDE-C788-4EDD-97C7-591D0CEE56DE}.Release|Any CPU.ActiveCfg = Release|Any CPU
		{A581ADDE-C788-4EDD-97C7-591D0CEE56DE}.Release|Any CPU.Build.0 = Release|Any CPU
		{B2742BF0-A727-4543-A923-33BB83097F79}.Debug|Any CPU.ActiveCfg = Debug|Any CPU
		{B2742BF0-A727-4543-A923-33BB83097F79}.Debug|Any CPU.Build.0 = Debug|Any CPU
		{B2742BF0-A727-4543-A923-33BB83097F79}.Release|Any CPU.ActiveCfg = Release|Any CPU
		{B2742BF0-A727-4543-A923-33BB83097F79}.Release|Any CPU.Build.0 = Release|Any CPU
	EndGlobalSection
	GlobalSection(SolutionProperties) = preSolution
		HideSolutionNode = FALSE
	EndGlobalSection
	GlobalSection(ExtensibilityGlobals) = postSolution
		SolutionGuid = {CB9301A3-616F-49FC-8CD3-F0A9B919E443}
	EndGlobalSection
EndGlobal
